# THIS IS AN AUTOGENERATED FILE. DO NOT EDIT THIS FILE DIRECTLY.
# yarn lockfile v1


"@esbuild/aix-ppc64@0.28.2":
  version "0.28.2"
  resolved "https://registry.yarnpkg.com/@esbuild/aix-ppc64/-/aix-ppc64-0.28.2.tgz#bf6e10303bcf2e7c686975fa52f937ec2728d8bc"
  integrity sha512-XExcO+dvLKvVtNTibSTBej1NCAbaGhWn9Ww1ZPx80qsahhPFe/8jgWP0IchNe0F3HwkU7n8ejhH8bjonqht8mQ==

"@esbuild/android-arm64@0.28.2":
  version "0.28.2"
  resolved "https://registry.yarnpkg.com/@esbuild/android-arm64/-/android-arm64-0.28.2.tgz#0c6246bc8d2c4d172aac2db3fb1190d72bd65504"
  integrity sha512-5YfKeeI8qWfBZIX+u2xZC3Zlb3Os/gLS2sbEKM+I4ZOcsWmHS2WLysCcQZDAFRslDUU5Oiq44gf6PYN1vGwG5A==

"@esbuild/android-arm@0.28.2":
  version "0.28.2"
  resolved "https://registry.yarnpkg.com/@esbuild/android-arm/-/android-arm-0.28.2.tgz#2d84ece6a4e2684d92be26ee13d42757d831c381"
  integrity sha512-kXXoiPVVGQcnIYGOeaovwOURpniDBpSq4A03qkQ+BMQqtGG6HYap3xne9C1O1yo4TR3qxlCX5IqqmX6fFo2Lqg==

"@esbuild/android-x64@0.28.2":
  version "0.28.2"
  resolved "https://registry.yarnpkg.com/@esbuild/android-x64/-/android-x64-0.28.2.tgz#fc38d4d6358d8dc1cf53f09f7589fe436eb64801"
  integrity sha512-O387ite7SzUyCcy3JQX4P4bLtEA7bLLkx+esve5JHnyYfNTxcVpXZo9jhdB0lTKN44gztELTdU7nS8Nr16Fs1Q==

"@esbuild/darwin-arm64@0.28.2":
  version "0.28.2"
  resolved "https://registry.yarnpkg.com/@esbuild/darwin-arm64/-/darwin-arm64-0.28.2.tgz#f83afeeac1d7dac01c7a2fd012b3e451a0591fcc"
  integrity sha512-n4KqkOQrraxHJcgjM1RvwbigfQKIKJVpM7xp+KsxiyUSrRdIXnt73VhrPAx0fV44hgfmIVKjxMN9J1t5jySVkw==

"@esbuild/darwin-x64@0.28.2":
  version "0.28.2"
  resolved "https://registry.yarnpkg.com/@esbuild/darwin-x64/-/darwin-x64-0.28.2.tgz#510147c055a795588dbbe14fd6b1b8ad0a2f30de"
  integrity sha512-uq6suIWYP37qzGddBKPw5QEQPi6HiLGsO7UmkpfyaYNQ3D+rN6w6WfwH+nuqcGXWvawGwxOEroO4YGnFh95azw==

"@esbuild/freebsd-arm64@0.28.2":
  version "0.28.2"
  resolved "https://registry.yarnpkg.com/@esbuild/freebsd-arm64/-/freebsd-arm64-0.28.2.tgz#093b9200ecf0b115ba4e5e248a7485c9c5f8bd5e"
  integrity sha512-n+I0BTSRIoy+d6RPKnEVwql5UwBJolytvY4mAOIEJorKlqgPII8ix6slVVrfZ5Tnj7glIZvloylbB/EJPMWEXw==

"@esbuild/freebsd-x64@0.28.2":
  version "0.28.2"
  resolved "https://registry.yarnpkg.com/@esbuild/freebsd-x64/-/freebsd-x64-0.28.2.tgz#0be22b6df925d213e841ea87123af5df80b0faf7"
  integrity sha512-78XJTJkvPs0kz2w61301PJjXl4g7q3JqiYMZ/M/yVI73EHBrCRTgkhu9oqG7vPqq+a/yadEW8aD+agKlk5xrmg==

"@esbuild/linux-arm64@0.28.2":
  version "0.28.2"
  resolved "https://registry.yarnpkg.com/@esbuild/linux-arm64/-/linux-arm64-0.28.2.tgz#1bdbc651cda9ba9995c53ed9c71ceaa65094762d"
  integrity sha512-pW4AC0P3it8c7do9MVM4p51FzHzdM/TZrerurgRcHJ2WTa1VQ1CIq18xncfpBJw4ojkiZZrKW2yIBWBP92j6Ug==

"@esbuild/linux-arm@0.28.2":
  version "0.28.2"
  resolved "https://registry.yarnpkg.com/@esbuild/linux-arm/-/linux-arm-0.28.2.tgz#beb12ad72b84f72d28488cc1b8ee9f7eb141d753"
  integrity sha512-XlDnu2q5yoqems+xay6wSAcg9DDD7K9RLKZEBOMZm3ckNpJBvOX20tSfby8KfrrhINDyv9V2YVZKY/SpoGJI8w==

"@esbuild/linux-ia32@0.28.2":
  version "0.28.2"
  resolved "https://registry.yarnpkg.com/@esbuild/linux-ia32/-/linux-ia32-0.28.2.tgz#b81f9d55529b45c206a46a138214b1aa6879696b"
  integrity sha512-CYbnj78HsIeA+DhgUKgFCfvNsTHFhMMrinUrMZpDXJXKN8T3XViTZ/+wtHeVxEWY8ewSzTFN+nRmSwO2tZaLUQ==

"@esbuild/linux-loong64@0.28.2":
  version "0.28.2"
  resolved "https://registry.yarnpkg.com/@esbuild/linux-loong64/-/linux-loong64-0.28.2.tgz#598667241a04c99b76ed6ef940ac50038c419f98"
  integrity sha512-buwkd8nsph4R+ajRvw0qM5Hja/TXQow3ptzWO2EbG/cqcIkHloRrdlBtQlshyYGTNFvfkfJ5tpPLVkY4DtsPfQ==

"@esbuild/linux-mips64el@0.28.2":
  version "0.28.2"
  resolved "https://registry.yarnpkg.com/@esbuild/linux-mips64el/-/linux-mips64el-0.28.2.tgz#1c51eb9cea903f53d97b5af3b1841db70f5596ca"
  integrity sha512-ZVykbDyk7519VwiNb9Lcj9m8XM6v5V9uKPvrEMkkEedVewf+0itkhahp4HDpgERXhwLRpWFypsGbG/J8s0QjJA==

"@esbuild/linux-ppc64@0.28.2":
  version "0.28.2"
  resolved "https://registry.yarnpkg.com/@esbuild/linux-ppc64/-/linux-ppc64-0.28.2.tgz#63dd61f17ceb31a81227f413feac8a71bc2c51f2"
  integrity sha512-CAXl+Dtd9UUuJd8pKKdwh6MLm3MUMiqMPmhZ3tTSXPqfyQ3vDl6R5hZdZ/kYojK4ofXtdfSv1tFq8XzWx3heNQ==

"@esbuild/linux-riscv64@0.28.2":
  version "0.28.2"
  resolved "https://registry.yarnpkg.com/@esbuild/linux-riscv64/-/linux-riscv64-0.28.2.tgz#3763b08fde5cf25ab1facb8e7752edfe45fbfc27"
  integrity sha512-GeXCej4IQtU1B+QlDV8W/RRvbzI3O/Stss+/bCXv4lZls5WGRtu2a+3JkA3i4qIUlMXpcHebWpF8AkJhATowuA==

"@esbuild/linux-s390x@0.28.2":
  version "0.28.2"
  resolved "https://registry.yarnpkg.com/@esbuild/linux-s390x/-/linux-s390x-0.28.2.tgz#1a137ff293a82906eb3176385bd7e8e0e5cfb7cb"
  integrity sha512-3H1weTYZPxt/WOhByszQZybS9w5lKzUn1FDMsgEChbHWQwHYQQRfBxgCcZvPhjHfKyJjIievvMmEUawJrdY9Dg==

"@esbuild/linux-x64@0.28.2":
  version "0.28.2"
  resolved "https://registry.yarnpkg.com/@esbuild/linux-x64/-/linux-x64-0.28.2.tgz#268b36211c146ca54f8fe12c578a8d6ef8979485"
  integrity sha512-4xTZr1FUmSoQW4XIWmit3tzQrUTZM+N3P0XV8xROKYF50XfI7xeO90+1bZvNwxIufQ9hDQVRJH5YhgPVF8A/HQ==

"@esbuild/netbsd-arm64@0.28.2":
  version "0.28.2"
  resolved "https://registry.yarnpkg.com/@esbuild/netbsd-arm64/-/netbsd-arm64-0.28.2.tgz#22571ad951d62bb6accc82d8d1fad5c8c1ac0ba1"
  integrity sha512-sSATRjPeDBg3pdgHoQfoYBob11Kk1FGa9lui5RIHZCoCkJa9QKlvl3/vKz2usCmYYjs7ymJR/2Nnsqe+Hjt5nw==

"@esbuild/netbsd-x64@0.28.2":
  version "0.28.2"
  resolved "https://registry.yarnpkg.com/@esbuild/netbsd-x64/-/netbsd-x64-0.28.2.tgz#42fcc57297eb0a0ca3f5fc475291f4c1a3f7c0de"
  integrity sha512-lqnzCV+mM0gIADaKihiCg6ifgfU2L3h5E33rNQBN1Y4MaVGnzryzmvvf7UHxprpQdE8hpqLolJ9Rl+SkIRDpyw==

"@esbuild/openbsd-arm64@0.28.2":
  version "0.28.2"
  resolved "https://registry.yarnpkg.com/@esbuild/openbsd-arm64/-/openbsd-arm64-0.28.2.tgz#9eb32af104ac3dacf4edca01f596664aab0c73ef"
  integrity sha512-AL2qJILH7lNjrDmCQDvdxMfAUIv8KMNZOvrwAQ8i8//ntL9FflhOyMJ8OZSMBb8/AWXe3/5v5S20y3zCoZWKoQ==

"@esbuild/openbsd-x64@0.28.2":
  version "0.28.2"
  resolved "https://registry.yarnpkg.com/@esbuild/openbsd-x64/-/openbsd-x64-0.28.2.tgz#febed2402d6088225e91f20fb4ce2522ad0a4efd"
  integrity sha512-QtiuPytchRyC4rwUKhexJdQKvDuZ6hWloi3igqPQNUJCS1/v9EiO3UTOXR6A3FoMo4fnAKbWJdqaIwhOzh8qEw==

"@esbuild/openharmony-arm64@0.28.2":
  version "0.28.2"
  resolved "https://registry.yarnpkg.com/@esbuild/openharmony-arm64/-/openharmony-arm64-0.28.2.tgz#85641c3d466428bfbccea5f21c26836663fef5ce"
  integrity sha512-WkhYDmpTjLvGlScA1rwjRUmhl4k8oXR3cIbtqWmELgU/dFeHHlEllxDvdWcNJV9rbzCexB5vz8gtNewWLgCT7Q==

"@esbuild/sunos-x64@0.28.2":
  version "0.28.2"
  resolved "https://registry.yarnpkg.com/@esbuild/sunos-x64/-/sunos-x64-0.28.2.tgz#a736f9d8962481045fc4c3e54f5479f22c870fb4"
  integrity sha512-GPMSkTOtMnv2U2F8gxe4Io6qmVs+YKyp832Etqqxr0hFngmXQ3rzwytelm3GIn7T4VviRUlf3sOgBOiTdvaf7g==

"@esbuild/win32-arm64@0.28.2":
  version "0.28.2"
  resolved "https://registry.yarnpkg.com/@esbuild/win32-arm64/-/win32-arm64-0.28.2.tgz#ee5ab40fad186201b652a33f8a5eb149e9e42532"
  integrity sha512-PIhhEkE9uPBleRBrQEJpUn7MBnibZzbGzYWPmY3x+YoVg/95zbjB4CxPPOQ8l5tYYM4mMaCthF8/1DIfBQQyWQ==

"@esbuild/win32-ia32@0.28.2":
  version "0.28.2"
  resolved "https://registry.yarnpkg.com/@esbuild/win32-ia32/-/win32-ia32-0.28.2.tgz#c40d28a6d99a127da6711f2afd74b11cb63b06a7"
  integrity sha512-YmJbfTlvU7Sdn9BB+4PRES4oB6pxgS37MAONj+hBr/cpXS1aBPKXxNnDbu+QCWPj0o9dgyxeq79g6c5P8KeuYA==

"@esbuild/win32-x64@0.28.2":
  version "0.28.2"
  resolved "https://registry.yarnpkg.com/@esbuild/win32-x64/-/win32-x64-0.28.2.tgz#b21affb804cc167c133d95f45b3a1dc1323b9a87"
  integrity sha512-5ebpxr3nWMzrL/rnUI755Jkuee0bHL/Gq0WTF9lvcpv73wAp5eu8MfBUgWK9bhWvZjj7yX8etf/8tI8Ney695g==

"@medv/finder@^4.0.2":
  version "4.0.2"
  resolved "https://registry.yarnpkg.com/@medv/finder/-/finder-4.0.2.tgz#670e8a93e48ce847ee877819ee9f90387624a14e"
  integrity sha512-RraNY9SCcx4KZV0Dh6BEW6XEW2swkqYca74pkFFRw6hHItSHiy+O/xMnpbofjYbzXj0tSpBGthUF1hHTsr3vIQ==

"@modelcontextprotocol/client@^2.2.0":
  version "2.2.0"
  resolved "https://registry.yarnpkg.com/@modelcontextprotocol/client/-/client-2.2.0.tgz#95ccc22cccf717d23263a69fb66bb3035b9da8a4"
  integrity sha512-LxCou/CSYQ6dwEnjhLZY0KnEuc8V4UJ3IEQCl/uR2yHobSQIEdJKUlKLRYRF5i5FqRGHy1eK7une3aAWDHLtig==
  dependencies:
    "@modelcontextprotocol/core" "2.2.0"
    cross-spawn "^7.0.5"
    eventsource "^3.0.2"
    eventsource-parser "^3.0.0"
    jose "^6.1.3"
    pkce-challenge "^5.0.0"
    zod "^4.2.0"

"@modelcontextprotocol/core@2.2.0", "@modelcontextprotocol/core@^2.2.0":
  version "2.2.0"
  resolved "https://registry.yarnpkg.com/@modelcontextprotocol/core/-/core-2.2.0.tgz#7740ee515d179ecd10e924fc7f35654a00e557bb"
  integrity sha512-iLhmprRmWI8EcosOA3wVvww22z02NkgqhV4fBH6f/odQBsi7xnJc0HGmi21yWO+/iKw2yzqVE127Zhna5/+JXw==
  dependencies:
    zod "^4.2.0"

"@modelcontextprotocol/ext-apps@^2.0.3":
  version "2.0.3"
  resolved "https://registry.yarnpkg.com/@modelcontextprotocol/ext-apps/-/ext-apps-2.0.3.tgz#9ea49774d5ca58f29afa2f4ad313f652a12a9057"
  integrity sha512-Tn+4+cyhO4f4cQSDxNyLiIfEE+qlTTuIbWBJB8JTinEXOhDYgCT4wDTQplxD9MBYZH5pCYGC59GaxiwIT4bu8w==
  dependencies:
    "@standard-schema/spec" "^1.1.0"

"@modelcontextprotocol/server@^2.2.0":
  version "2.2.0"
  resolved "https://registry.yarnpkg.com/@modelcontextprotocol/server/-/server-2.2.0.tgz#af951523ef955adb6791f6a8ef92ec04e53ebe7a"
  integrity sha512-qFnltjus6Gk8Lx6J1w2RXmr3YPN22MNT6qD6zjAkaiWIlFIFxWClz0rXHNuJF/KSUyn5YGhkSvXkWDbQHVLFEQ==
  dependencies:
    "@modelcontextprotocol/core" "2.2.0"
    zod "^4.2.0"

"@openreplay/player@link:../player":
  version "0.0.0"
  uid ""

"@oxc-project/types@=0.152.0":
  version "0.152.0"
  resolved "https://registry.yarnpkg.com/@oxc-project/types/-/types-0.152.0.tgz#643ff80ce7aacea025f859f13b60cbb42ae0a613"
  integrity sha512-oM/5rLBm2tPkg0iBgkH/FOeR3PCDpY19GTgAZjMFM8h9WI9VW7cLgzp6nwtarYKmovavIQZ+Fe/RKX/8C8O/Rw==

"@rolldown/binding-android-arm-eabi@1.2.12":
  version "1.2.12"
  resolved "https://registry.yarnpkg.com/@rolldown/binding-android-arm-eabi/-/binding-android-arm-eabi-1.2.12.tgz#efba4353480c76804606f106c9ac01f0ddfa7d13"
  integrity sha512-dB/a1214qKfHMXCpgqR4OZT+jS4kTyEXbQGJPqzobt5EwH5rX080pxE37alt3RzvR1bf1Yz/yGqRfrYAxuPw0A==

"@rolldown/binding-android-arm64@1.2.12":
  version "1.2.12"
  resolved "https://registry.yarnpkg.com/@rolldown/binding-android-arm64/-/binding-android-arm64-1.2.12.tgz#6255422c39c2b45ee44b0286df902b9481f76ecb"
  integrity sha512-7KHFgQ5VJxIHcLlrwrc3Xbds7oTNQT7Pgi9gQCJKrd2VGab/UksIOYp6VD8MzCstGxOKMgNamPwUCfxPdP1OHg==

"@rolldown/binding-darwin-arm64@1.2.12":
  version "1.2.12"
  resolved "https://registry.yarnpkg.com/@rolldown/binding-darwin-arm64/-/binding-darwin-arm64-1.2.12.tgz#2d7d153d657f5ee4d44abb752ae7d64cac049ca5"
  integrity sha512-3YIhqHD96nA5SaYNRBR16HnGv4oavZvXfD/ayHM+oYZ0WD/8lBAtf6zQua4kEyAvpqrluKXl0lnOBoiNby7x9w==

"@rolldown/binding-darwin-x64@1.2.12":
  version "1.2.12"
  resolved "https://registry.yarnpkg.com/@rolldown/binding-darwin-x64/-/binding-darwin-x64-1.2.12.tgz#7ddc83ecef05fb28f1174e5be3eb4ae5307faedf"
  integrity sha512-UuuJ35MFw4gmFOrE9pEqIV+K3syIKveph+Qc1/ljHZVdoDW4pz/JHR/eMVom+TZGl/5OOvGJOWaOCVt3ZfqhxA==

"@rolldown/binding-freebsd-x64@1.2.12":
  version "1.2.12"
  resolved "https://registry.yarnpkg.com/@rolldown/binding-freebsd-x64/-/binding-freebsd-x64-1.2.12.tgz#9e68e57cc3a1c5ea363129234fd5dcc8537606dd"
  integrity sha512-uMvssit0a4W+/7D8CbHUvG719mH3R2jwXAlh/XcPvuHTE0g++LymF88DCGNX0HM2rBOn0xrzgXktIB6fLSJBTQ==

"@rolldown/binding-linux-arm-gnueabihf@1.2.12":
  version "1.2.12"
  resolved "https://registry.yarnpkg.com/@rolldown/binding-linux-arm-gnueabihf/-/binding-linux-arm-gnueabihf-1.2.12.tgz#335b4f2cbf8c8a2d1016f79feeb0187c578f5f7a"
  integrity sha512-XcFu0R0xWnwzSf4IQgFH1rJIckPN1pLy2R+4r9IDB7Yfu/ys9cVqfa4pBrMHj7a3gl8mIR4nRNPg0e5IvEVs6g==

"@rolldown/binding-linux-arm64-gnu@1.2.12":
  version "1.2.12"
  resolved "https://registry.yarnpkg.com/@rolldown/binding-linux-arm64-gnu/-/binding-linux-arm64-gnu-1.2.12.tgz#759fc27992583653f87dc447b4be02b4ddd0d1b4"
  integrity sha512-260UrKgn8tz39ak+SMDOirKzr7V04M9dWPw5llW00SwBivCZoWcRBKV1d8cXnRkUmSZA3BdiUmBHWk7734Ulpw==

"@rolldown/binding-linux-arm64-musl@1.2.12":
  version "1.2.12"
  resolved "https://registry.yarnpkg.com/@rolldown/binding-linux-arm64-musl/-/binding-linux-arm64-musl-1.2.12.tgz#e1f3094429a874cb76e2c7735759d333ad8f6791"
  integrity sha512-5YK1I9SqDkbPgc1IA8BgDl34suqUS2q0KWnBrirm0E51YjOs6eo6dV6jbQfNE/argHRSvd0QUGgtpIoYx+WWpw==

"@rolldown/binding-linux-ppc64-gnu@1.2.12":
  version "1.2.12"
  resolved "https://registry.yarnpkg.com/@rolldown/binding-linux-ppc64-gnu/-/binding-linux-ppc64-gnu-1.2.12.tgz#0ca361ac97774403dd5fe5976a363eb9c2139dc5"
  integrity sha512-Rkcrmp7eFRg74yL5fXEU91JEWbdEPLevWwGtXpmhbjlD1StScbWTmO94Bhly+Mo+ketKYkdmM1vNUKeWSlx8cQ==

"@rolldown/binding-linux-s390x-gnu@1.2.12":
  version "1.2.12"
  resolved "https://registry.yarnpkg.com/@rolldown/binding-linux-s390x-gnu/-/binding-linux-s390x-gnu-1.2.12.tgz#e40fb19c56e99197aec91ecb02756ebd378a347c"
  integrity sha512-qvK4DuAsQc2BSjlx+Xr+IzOIvvxbGZqxFwdWfG6F518Erj0GGISyQbJ6pIappnOxlNPzNHvo/L0BwB30GZ+zVw==

"@rolldown/binding-linux-x64-gnu@1.2.12":
  version "1.2.12"
  resolved "https://registry.yarnpkg.com/@rolldown/binding-linux-x64-gnu/-/binding-linux-x64-gnu-1.2.12.tgz#215aeb601d0daaf5d28582c1f2e967c775a6c70a"
  integrity sha512-Q9uLBO53Xd4QIq1WOycVQyPP1O4HhraEV2qqb3uTrnVw6QZih9duY4vNXOivL1xoUS1/z+W8eF4NMfl2a8Sdjw==

"@rolldown/binding-linux-x64-musl@1.2.12":
  version "1.2.12"
  resolved "https://registry.yarnpkg.com/@rolldown/binding-linux-x64-musl/-/binding-linux-x64-musl-1.2.12.tgz#90905cdd1ab12242d72de38b7ec9aa826a9ee17c"
  integrity sha512-3IBxWFMjbOZskDPKv8Lf9BCnahlKuHthWkYnyIxOH/QcJrFcS4EmcenthApkwr/5+nEqZlLzeYbxeMaX7A5u4g==

"@rolldown/binding-openharmony-arm64@1.2.12":
  version "1.2.12"
  resolved "https://registry.yarnpkg.com/@rolldown/binding-openharmony-arm64/-/binding-openharmony-arm64-1.2.12.tgz#e6868debd9202c476786f0995ca8250f3f647972"
  integrity sha512-xtX61xg4LKPkPWilZU1ynKClz5Gj4bf74LML4r3eVLWumKnGjoEr1OSHQhMdbBDoYTi+yjrujvpZe2pUnqCrrA==

"@rolldown/binding-win32-arm64-msvc@1.2.12":
  version "1.2.12"
  resolved "https://registry.yarnpkg.com/@rolldown/binding-win32-arm64-msvc/-/binding-win32-arm64-msvc-1.2.12.tgz#a335ae382cbf3b282c3a6fe620fe4f4a0e25dfda"
  integrity sha512-At7fPB6PCaIjzgIhEZFxuT+BBFqiQibJDT4d3PhiR3f4E7bbMZF4aKblbFfEM3sETRDd1YiQx/+U/g/B/ou5Ew==

"@rolldown/binding-win32-x64-msvc@1.2.12":
  version "1.2.12"
  resolved "https://registry.yarnpkg.com/@rolldown/binding-win32-x64-msvc/-/binding-win32-x64-msvc-1.2.12.tgz#55d6f9c288aa220f758310c39c31aa1c4d309830"
  integrity sha512-WIw2haVKwjuYdXkHaoC0mF8Le71TuCBxjrdKqLbJGctbBABj+ClfmNvtbOnzpq3RokNo5+V1qhtSzJyXorsklQ==

"@rolldown/pluginutils@^1.0.0", "@rolldown/pluginutils@^1.0.1":
  version "1.0.1"
  resolved "https://registry.yarnpkg.com/@rolldown/pluginutils/-/pluginutils-1.0.1.tgz#e3fcee093fbb5ce765e1ad088ff4de2889f6f9be"
  integrity sha512-2j9bGt5Jh8hj+vPtgzPtl72j0yRxHAyumoo6TNfAjsLB04UtpSvPbPcDcBMxz7n+9CYB0c1GxQFxYRg2jimqGw==

"@socket.io/component-emitter@~3.1.0":
  version "3.1.2"
  resolved "https://registry.yarnpkg.com/@socket.io/component-emitter/-/component-emitter-3.1.2.tgz#821f8442f4175d8f0467b9daf26e3a18e2d02af2"
  integrity sha512-9BCxFwvbGg/RsZK9tjXd8s4UcwR0MWeFQ1XEKIQVVvAGJyINdrqKMcTRyLoK8Rse1GjzLV9cwjWV1olXRWEXVA==

"@standard-schema/spec@^1.1.0":
  version "1.1.0"
  resolved "https://registry.yarnpkg.com/@standard-schema/spec/-/spec-1.1.0.tgz#a79b55dbaf8604812f52d140b2c9ab41bc150bb8"
  integrity sha512-l2aFy5jALhniG5HgqrD6jXLi/rUWrKvqN/qJx6yoJsgKhblVd+iqqU4RCXavm/jPityDo5TCvKMnpjKnOriy0w==

"@types/node@^26.6.3":
  version "26.6.3"
  resolved "https://registry.yarnpkg.com/@types/node/-/node-26.6.3.tgz#411dccb5fc25687c958fe35b6ca3741d48a8d13c"
  integrity sha512-dsqMQQoeTLqu9wynDD00q573mNzso3IdQOAfHRJqLCcmCFPoGo9A1bDpUcv/9tnKpErQWv9uKeGfl37EIS02Yg==
  dependencies:
    undici-types "~8.9.0"

"@types/react-dom@^19.3.0":
  version "19.3.0"
  resolved "https://registry.yarnpkg.com/@types/react-dom/-/react-dom-19.3.0.tgz#90294a9266efd928a5266f2110d60d5dba5015d2"
  integrity sha512-ZI7bU42mZXXKHn/qNLEw2IrbiINU7X5+vfgdixBHkCNpYWXjKgfQ/P+uyGb5CjOLB9UcnTeg3rylQtV2hym44Q==

"@types/react@^19.3.0":
  version "19.3.0"
  resolved "https://registry.yarnpkg.com/@types/react/-/react-19.3.0.tgz#3b3ce8d8c1627fb5ccd4dadd57ef445c5a153b77"
  integrity sha512-N0rFCuH9YoxG9/m61l9MfpJKfmLOVU0em7ipIz6TRgSSkvReLB9vL85GB+yr8Bs5leqpvg96JSwF4ZS1s4viQg==
  dependencies:
    csstype "^3.2.2"

"@typescript/typescript-aix-ppc64@7.0.2":
  version "7.0.2"
  resolved "https://registry.yarnpkg.com/@typescript/typescript-aix-ppc64/-/typescript-aix-ppc64-7.0.2.tgz#cdc7ce81d60f1e09034960ddfb1fb880d7a776b6"
  integrity sha512-MTKKkWB7p/0E9xi1d1tHtZ5PiLkGEMIq88pK2CubZjOsLtYTLqhgIgi6zepFa+9GHZ6h05NMCkQxGKiPXMxXtQ==

"@typescript/typescript-darwin-arm64@7.0.2":
  version "7.0.2"
  resolved "https://registry.yarnpkg.com/@typescript/typescript-darwin-arm64/-/typescript-darwin-arm64-7.0.2.tgz#a55fdfcfa58df58d27db2237cde6a5c1e35a7235"
  integrity sha512-gowzar9MwS/aRWp6f3a4KUqzRjAZjOsmGNCM6LcTgXum+dBfgsBVMN+AgvOCCbguXyick6LJhpBszxMebJ8syA==

"@typescript/typescript-darwin-x64@7.0.2":
  version "7.0.2"
  resolved "https://registry.yarnpkg.com/@typescript/typescript-darwin-x64/-/typescript-darwin-x64-7.0.2.tgz#38d1c9172800a91d707bec64d2a370a016634db4"
  integrity sha512-SZ9xZInqApNlNGc9s0W1VSsktYSOe9cFqNOIqmN1Gs8SmkjKZYFt017G4VwPxASInODuAdbTW7sXiFUf893RgA==

"@typescript/typescript-freebsd-arm64@7.0.2":
  version "7.0.2"
  resolved "https://registry.yarnpkg.com/@typescript/typescript-freebsd-arm64/-/typescript-freebsd-arm64-7.0.2.tgz#f1ff8810030b35d2b5be0db6a2dc650460ea94fa"
  integrity sha512-W5NH4y/J0plIIS5b2xvTEkU7JFxyqdMAOgf+Ilhl0vHQXKO5dZoxd+C/jEtq56c4F3wk71RB4BMRQ2XdI+bwYQ==

"@typescript/typescript-freebsd-x64@7.0.2":
  version "7.0.2"
  resolved "https://registry.yarnpkg.com/@typescript/typescript-freebsd-x64/-/typescript-freebsd-x64-7.0.2.tgz#3d86b03f353c5b1ba95162eb6ce35533bfc294bd"
  integrity sha512-UMGDx5sTpzNw3WiPebH7l90IWfJggEd+egHt/q6p7/Cm3zqoV7VxkGXt+3DxPIw8CcmvAB0j3sVVfbhX+M4Tpw==

"@typescript/typescript-linux-arm64@7.0.2":
  version "7.0.2"
  resolved "https://registry.yarnpkg.com/@typescript/typescript-linux-arm64/-/typescript-linux-arm64-7.0.2.tgz#d9334d96d6dac6ff85da9c865588948de939e91f"
  integrity sha512-Qh4eU4/y3yDjnfjjyPYihMj5/ODIlmt+Bzu17OI+fiSRDW57QmU5SiN63exPRNJPKUzcc1INa1NXdrJ+MqHjUQ==

"@typescript/typescript-linux-arm@7.0.2":
  version "7.0.2"
  resolved "https://registry.yarnpkg.com/@typescript/typescript-linux-arm/-/typescript-linux-arm-7.0.2.tgz#ad94b41e1aee2a4dcc6a298c7b67c43345fde32e"
  integrity sha512-gffT3xPz9sR7j/YJExkyPntrI0P2EP9XbOyWzth2/Gs0RstK+90RBcO0ncXoXy/beYll1SXw846Nf2zdnEz0QQ==

"@typescript/typescript-linux-loong64@7.0.2":
  version "7.0.2"
  resolved "https://registry.yarnpkg.com/@typescript/typescript-linux-loong64/-/typescript-linux-loong64-7.0.2.tgz#2965aee4fc873360139d893daafe6397a29138ad"
  integrity sha512-uEHck9i8hoAzXPiYRib1O7miOnz23SxIeVl6F4LXox+qov1K35jHcEW6VHKvZI+pyvl7fZEP4MCU5LYvIq1GuQ==

"@typescript/typescript-linux-mips64el@7.0.2":
  version "7.0.2"
  resolved "https://registry.yarnpkg.com/@typescript/typescript-linux-mips64el/-/typescript-linux-mips64el-7.0.2.tgz#1a887a311bed3a833f80bfd4a9ed37c271936cf0"
  integrity sha512-R4KvAMnE43W5Qeqb0Ly56O3mWMWIAgsMyz36DCaycd5nbg/9kzm0liw3JocfRqyJY0KPmzFjbswozXyW0DnIYA==

"@typescript/typescript-linux-ppc64@7.0.2":
  version "7.0.2"
  resolved "https://registry.yarnpkg.com/@typescript/typescript-linux-ppc64/-/typescript-linux-ppc64-7.0.2.tgz#8b63c9b2f445b393eb4e43ec21da225dade3577d"
  integrity sha512-DORx5b3sd/4S7eayxm4FQv+A7CrkUIGRaHiwI8oiHTAI1fAPWhF4J0vAlkC8biAlHSVVwxMQ3tjZ2/DVbnQiiA==

"@typescript/typescript-linux-riscv64@7.0.2":
  version "7.0.2"
  resolved "https://registry.yarnpkg.com/@typescript/typescript-linux-riscv64/-/typescript-linux-riscv64-7.0.2.tgz#b6e8a35c289b3ea97a92a41d461aaeed0d3b36e1"
  integrity sha512-wf0jqEDOjrPRnKwYRyyJDRo11KMbvMFrU+q4zqKyChODBzvlkbhNQfKvLxQCcwTpdDaXSHZTVuh0JoCrKCUMHQ==

"@typescript/typescript-linux-s390x@7.0.2":
  version "7.0.2"
  resolved "https://registry.yarnpkg.com/@typescript/typescript-linux-s390x/-/typescript-linux-s390x-7.0.2.tgz#2ef96693be4861f6d17965427e5b009cbbed1a3e"
  integrity sha512-IkwJc3L7yhytWd/ewjyxNDfOmswCm9GWMJT/ue/dU4aZNbwZeYAetq42VyLmsmSjvoX7z74X6ZaYCtzAr0EuGw==

"@typescript/typescript-linux-x64@7.0.2":
  version "7.0.2"
  resolved "https://registry.yarnpkg.com/@typescript/typescript-linux-x64/-/typescript-linux-x64-7.0.2.tgz#73269cb0baba50aea0ca060445a6b88e583f1ce2"
  integrity sha512-EYdf2cNg7rgCWJnxCdJ+F3V39O8ihb37eHAu1LK8oAFizgTQbPOK7zHHXbPt8rX24COqODXeI3sIf0fCXG7H/A==

"@typescript/typescript-netbsd-arm64@7.0.2":
  version "7.0.2"
  resolved "https://registry.yarnpkg.com/@typescript/typescript-netbsd-arm64/-/typescript-netbsd-arm64-7.0.2.tgz#3a3649f97fafa210b4e6e3798c15e06605c8a901"
  integrity sha512-+polYF4MF04aPpO5FTkHran9yUQDSXqy5GiSDKpsll5jy3l3+g9QLhpf39T+ePtefhXLOGrLl0QIjkQP6VnelA==

"@typescript/typescript-netbsd-x64@7.0.2":
  version "7.0.2"
  resolved "https://registry.yarnpkg.com/@typescript/typescript-netbsd-x64/-/typescript-netbsd-x64-7.0.2.tgz#47ec59491a40c470d2807dc4d2b825528fd979ab"
  integrity sha512-8YIT0EHM/3dq10ZOVF/A7pc/YSMtbcecct4rWtexrnSCHOPcpC2KTLXfTCR6vDpnSiY12heNb1GiN/wu+T/FyA==

"@typescript/typescript-openbsd-arm64@7.0.2":
  version "7.0.2"
  resolved "https://registry.yarnpkg.com/@typescript/typescript-openbsd-arm64/-/typescript-openbsd-arm64-7.0.2.tgz#796be8da0bd989d8a3fb96f2801e38a8365b4baf"
  integrity sha512-APT8+ClYnuYm1u9+kgGXoMj2VzWzcymwh2gNSQVySHfkRDGOTVkoWLjCmOQSaO+PoqQ57B0flRp9SA+7GnnkzQ==

"@typescript/typescript-openbsd-x64@7.0.2":
  version "7.0.2"
  resolved "https://registry.yarnpkg.com/@typescript/typescript-openbsd-x64/-/typescript-openbsd-x64-7.0.2.tgz#d37fe2a729eb942c076c454ee7f1815faf7d560f"
  integrity sha512-yX7s+Q0Dln0Dt9tEzZsAjXXR/+ytBM7AlglaqyeMPxQszJ1JhlJdZ6jLA+IzldHtflX81em7lDao1xXu+aRRkg==

"@typescript/typescript-sunos-x64@7.0.2":
  version "7.0.2"
  resolved "https://registry.yarnpkg.com/@typescript/typescript-sunos-x64/-/typescript-sunos-x64-7.0.2.tgz#aba8d3464c3565a7044789baba96916bd4ab2c88"
  integrity sha512-dLJDGaLZ1D4HPQn62u1n8mBDkJREwMsAkCdkwd4Ieqw+x3TUyTsqY0YiBCtE6H6OzzgGk3iuZ3vFWRS+E8/d1g==

"@typescript/typescript-win32-arm64@7.0.2":
  version "7.0.2"
  resolved "https://registry.yarnpkg.com/@typescript/typescript-win32-arm64/-/typescript-win32-arm64-7.0.2.tgz#b9de50a17196383f62620b5f9d0a2f34ad3b60d7"
  integrity sha512-Gyl1Vy6OsWesLzmq+EP0Fb7b4Nid5232AvcA2SFcdYreldpNtYFFofPjnt62y9hQy7VTaZp65ICJjuAQRaVcIQ==

"@typescript/typescript-win32-x64@7.0.2":
  version "7.0.2"
  resolved "https://registry.yarnpkg.com/@typescript/typescript-win32-x64/-/typescript-win32-x64-7.0.2.tgz#cf3b7b0d6ce5635daca4c8e01c189cdcde47ec3c"
  integrity sha512-0BQ3HkAHHlKLSp1qRvf3SUhGpGsDuhB/jgFw75guyqbxJqEaS0Cw/VFO8i2nHglJUzQCRtMMR/IBAKE3ETMC4g==

"@vitejs/plugin-react@^6.1.1":
  version "6.1.1"
  resolved "https://registry.yarnpkg.com/@vitejs/plugin-react/-/plugin-react-6.1.1.tgz#47fa1a2f956e88eaf778ebf65ddce8e2b36597e7"
  integrity sha512-yxLaQV9gkhS8ezJqCM6+ndU7mDY6gqAg75NQ+0IjwEI8IYOmQCgkRwHKVSfWXW076DsqMo0Dk+0FK1U+M5RgFw==
  dependencies:
    "@rolldown/pluginutils" "^1.0.1"

braces@^3.0.3:
  version "3.0.3"
  resolved "https://registry.yarnpkg.com/braces/-/braces-3.0.3.tgz#490332f40919452272d55a8480adc0c441358789"
  integrity sha512-yQbXgO/OSZVD2IsiLlro+7Hf6Q18EJrKSEsdoMzKePKXct3gvD8oLcOQdIzGupr5Fj+EDe8gO/lxc1BzfMpxvA==
  dependencies:
    fill-range "^7.1.1"

cross-spawn@^7.0.5:
  version "7.0.6"
  resolved "https://registry.yarnpkg.com/cross-spawn/-/cross-spawn-7.0.6.tgz#8a58fe78f00dcd70c370451759dfbfaf03e8ee9f"
  integrity sha512-uV2QOWP2nWzsy2aMp8aRibhi9dlzF5Hgh5SHaB9OiTGEyDTiJJyx0uy51QXdyWbtAHNua4XJzUKca3OzKUd3vA==
  dependencies:
    path-key "^3.1.0"
    shebang-command "^2.0.0"
    which "^2.0.1"

csstype@^3.2.2:
  version "3.2.3"
  resolved "https://registry.yarnpkg.com/csstype/-/csstype-3.2.3.tgz#ec48c0f3e993e50648c86da559e2610995cf989a"
  integrity sha512-z1HGKcYy2xA8AGQfwrn0PAy+PB7X/GSj3UVJW9qKyn43xWa+gl5nXmU4qqLMRzWVLFC8KusUX8T/0kCiOYpAIQ==

debug@~4.4.1:
  version "4.4.3"
  resolved "https://registry.yarnpkg.com/debug/-/debug-4.4.3.tgz#c6ae432d9bd9662582fce08709b038c58e9e3d6a"
  integrity sha512-RGwwWnwQvkVfavKVt22FGLw+xYSdzARwm0ru6DhTVA3umU5hZc28V3kO4stgYryrTlLpuvgI9GiijltAjNbcqA==
  dependencies:
    ms "^2.1.3"

detect-libc@^2.0.3:
  version "2.1.2"
  resolved "https://registry.yarnpkg.com/detect-libc/-/detect-libc-2.1.2.tgz#689c5dcdc1900ef5583a4cb9f6d7b473742074ad"
  integrity sha512-Btj2BOOO83o3WyH59e8MgXsxEQVcarkUOpEYrubB0urwnN10yQ364rsiByU11nZlqWYZm05i/of7io4mzihBtQ==

echarts@^6.1.0:
  version "6.1.0"
  resolved "https://registry.yarnpkg.com/echarts/-/echarts-6.1.0.tgz#ae0f68590f5ebbd728d900907c27acde7c5456d1"
  integrity sha512-q0yaFPggC9FUdsWH4blavRWFmxdrIodbkoKNAjJudAI6CA9gNPxHtV2RcZNEepZVlk4yvBYkOkbk6HIVpIyHZA==
  dependencies:
    tslib "2.3.0"
    zrender "6.1.0"

engine.io-client@~6.6.1:
  version "6.6.7"
  resolved "https://registry.yarnpkg.com/engine.io-client/-/engine.io-client-6.6.7.tgz#17f9d94f0302f06f089d89fd9b4cc8a686cdab8f"
  integrity sha512-GyAvmPA7gnRCpDQbYACAy79Lg4ewevrmaPzySZz0OVvgyZc3gEfLLqPTYk8wVBScjOEpM9ZO4KryyFpVItjGEA==
  dependencies:
    "@socket.io/component-emitter" "~3.1.0"
    debug "~4.4.1"
    engine.io-parser "~5.2.1"
    ws "~8.21.0"
    xmlhttprequest-ssl "~2.1.1"

engine.io-parser@~5.2.1:
  version "5.2.3"
  resolved "https://registry.yarnpkg.com/engine.io-parser/-/engine.io-parser-5.2.3.tgz#00dc5b97b1f233a23c9398d0209504cf5f94d92f"
  integrity sha512-HqD3yTBfnBxIrbnM1DoD6Pcq8NECnh8d4As1Qgh0z5Gg3jRRIqijury0CL3ghu/edArpUYiYqQiDUQBIs4np3Q==

esbuild@^0.28.2, esbuild@~0.28.0:
  version "0.28.2"
  resolved "https://registry.yarnpkg.com/esbuild/-/esbuild-0.28.2.tgz#0f43bd1bad955b72d24e2261e3abe5957ccf0816"
  integrity sha512-HKVLS8dvII+xoKW9kmqxbRKrnWEXfJJr/FZhhJmiqIB0e053QNYFqOBouTMO/k5sID4MvCiUCvv8b9M4h32wIA==
  optionalDependencies:
    "@esbuild/aix-ppc64" "0.28.2"
    "@esbuild/android-arm" "0.28.2"
    "@esbuild/android-arm64" "0.28.2"
    "@esbuild/android-x64" "0.28.2"
    "@esbuild/darwin-arm64" "0.28.2"
    "@esbuild/darwin-x64" "0.28.2"
    "@esbuild/freebsd-arm64" "0.28.2"
    "@esbuild/freebsd-x64" "0.28.2"
    "@esbuild/linux-arm" "0.28.2"
    "@esbuild/linux-arm64" "0.28.2"
    "@esbuild/linux-ia32" "0.28.2"
    "@esbuild/linux-loong64" "0.28.2"
    "@esbuild/linux-mips64el" "0.28.2"
    "@esbuild/linux-ppc64" "0.28.2"
    "@esbuild/linux-riscv64" "0.28.2"
    "@esbuild/linux-s390x" "0.28.2"
    "@esbuild/linux-x64" "0.28.2"
    "@esbuild/netbsd-arm64" "0.28.2"
    "@esbuild/netbsd-x64" "0.28.2"
    "@esbuild/openbsd-arm64" "0.28.2"
    "@esbuild/openbsd-x64" "0.28.2"
    "@esbuild/openharmony-arm64" "0.28.2"
    "@esbuild/sunos-x64" "0.28.2"
    "@esbuild/win32-arm64" "0.28.2"
    "@esbuild/win32-ia32" "0.28.2"
    "@esbuild/win32-x64" "0.28.2"

eventsource-parser@^3.0.0, eventsource-parser@^3.0.1:
  version "3.1.1"
  resolved "https://registry.yarnpkg.com/eventsource-parser/-/eventsource-parser-3.1.1.tgz#b96cbb7dace4f3774f58a9e3b1ae9a4a524872e2"
  integrity sha512-EKN1vKAMcZ8MlYMpaNuxN6R9yakzH6uajHcHVTqWJzvu5pWw9DyhbP35HH8MVBQ+dZjAfDxk+A8NiR9KWaXiyQ==

eventsource@^3.0.2:
  version "3.0.7"
  resolved "https://registry.yarnpkg.com/eventsource/-/eventsource-3.0.7.tgz#1157622e2f5377bb6aef2114372728ba0c156989"
  integrity sha512-CRT1WTyuQoD771GW56XEZFQ/ZoSfWid1alKGDYMmkt2yl8UXrVR4pspqWNEcqKvVIzg6PAltWjxcSSPrboA4iA==
  dependencies:
    eventsource-parser "^3.0.1"

fdir@^6.5.0:
  version "6.5.0"
  resolved "https://registry.yarnpkg.com/fdir/-/fdir-6.5.0.tgz#ed2ab967a331ade62f18d077dae192684d50d350"
  integrity sha512-tIbYtZbucOs0BRGqPJkshJUYdL+SDH7dVM8gjy+ERp3WAUjLEFJE+02kanyHtwjWOnwrKYBiwAmM0p4kLJAnXg==

fflate@^0.8.2, fflate@^0.8.3:
  version "0.8.3"
  resolved "https://registry.yarnpkg.com/fflate/-/fflate-0.8.3.tgz#bc27d8eb30343d4d512abb03480202ce65d825fc"
  integrity sha512-tbZNuJrLwGUp3zshBtdy4W+ORxZuIh8a5ilyIEQDC5rY1f3U20JMry0Ll3WBzU58EZKsEuJFXhb5gwv8CsPvgA==

fill-range@^7.1.1:
  version "7.1.1"
  resolved "https://registry.yarnpkg.com/fill-range/-/fill-range-7.1.1.tgz#44265d3cac07e3ea7dc247516380643754a05292"
  integrity sha512-YsGpe3WHLK8ZYi4tWDg2Jy3ebRz2rXowDxnld4bkQB00cc/1Zw9AWnC0i9ztDJitivtQvaI9KaLyKrc+hBW0yg==
  dependencies:
    to-regex-range "^5.0.1"

fsevents@~2.3.3:
  version "2.3.3"
  resolved "https://registry.yarnpkg.com/fsevents/-/fsevents-2.3.3.tgz#cac6407785d03675a2a5e1a5305c697b347d90d6"
  integrity sha512-5xoDfX+fL7faATnagmWPpbFtwh/R77WmMMqqHGS65C3vvB0YHrgF+B1YmZ3441tMj5n63k0212XNoJwzlhffQw==

fzstd@^0.1.1:
  version "0.1.1"
  resolved "https://registry.yarnpkg.com/fzstd/-/fzstd-0.1.1.tgz#a3da29f2fff45070ca90073f866d97e0c56a4a52"
  integrity sha512-dkuVSOKKwh3eas5VkJy1AW1vFpet8TA/fGmVA5krThl8YcOVE/8ZIoEA1+U1vEn5ckxxhLirSdY837azmbaNHA==

is-number@^7.0.0:
  version "7.0.0"
  resolved "https://registry.yarnpkg.com/is-number/-/is-number-7.0.0.tgz#7535345b896734d5f80c4d06c50955527a14f12b"
  integrity sha512-41Cifkg6e8TylSpdtTpeLVMqvSBEVzTttHvERD741+pnZ8ANv0004MRL43QKPDlK9cGvNp6NZWZUBlbGXYxxng==

isexe@^2.0.0:
  version "2.0.0"
  resolved "https://registry.yarnpkg.com/isexe/-/isexe-2.0.0.tgz#e8fbf374dc556ff8947a10dcb0572d633f2cfa10"
  integrity sha512-RHxMLp9lnKHGHRng9QFhRCMbYAcVpn69smSGcq3f36xjgVVWThj4qqLbTLlq7Ssj8B+fIQ1EuCEGI2lKsyQeIw==

jose@^6.1.3:
  version "6.2.12"
  resolved "https://registry.yarnpkg.com/jose/-/jose-6.2.12.tgz#65663e146edd010b98ece83f81737d3aa95fd0d7"
  integrity sha512-9NiFmJEex0sy2Dk58j2UGBSHgUs2ypF9eZSu4L6vjOX3Dp96Sw1F3uL+H+D1sx02jZZdzUT0HgvCy59CuvXcWw==

lightningcss-android-arm64@1.33.0:
  version "1.33.0"
  resolved "https://registry.yarnpkg.com/lightningcss-android-arm64/-/lightningcss-android-arm64-1.33.0.tgz#9a6841f88ae50fc83502903892b41af41bc2b907"
  integrity sha512-gEpRTalKdosp4Bb8qWtc2iOgE5SeIHlpS1up9bFq2wAyYhl1UdTObYiHe98zEM9SQvSoqQZ1IQD0JNpg3Ml5pg==

lightningcss-darwin-arm64@1.33.0:
  version "1.33.0"
  resolved "https://registry.yarnpkg.com/lightningcss-darwin-arm64/-/lightningcss-darwin-arm64-1.33.0.tgz#c0f2c31c0bfd19fa4dd3f18e957a1f1a152097d6"
  integrity sha512-Sciaz8eenNTKn9b3t7+xr0ipTp9YxKQY4npwQ3mrRuL0BAVHBLyZxofhaKBAVtzmtRZ/zTyo0/to4B1uWG/Djg==

lightningcss-darwin-x64@1.33.0:
  version "1.33.0"
  resolved "https://registry.yarnpkg.com/lightningcss-darwin-x64/-/lightningcss-darwin-x64-1.33.0.tgz#cb0705965acb538c6683949ce6925fb3cdf7c361"
  integrity sha512-Z5UPAxzrjlWNNyGy6i65cJzzvgJ5D3T6wMvs+gWpY9d7qRhANrxqAp6LhxIgZhWEw18RfJTGcRxjuLIBr+m8XQ==

lightningcss-freebsd-x64@1.33.0:
  version "1.33.0"
  resolved "https://registry.yarnpkg.com/lightningcss-freebsd-x64/-/lightningcss-freebsd-x64-1.33.0.tgz#763538828b26bab2680dadafcc84ee78b0eb502b"
  integrity sha512-QQM/Ti/hQajJwCY+RiWuCZ9sdtI/XQk7nDK5vC8kkdwixezOlDgvDx7+RT+QjK6FcFT4MpsuoBnHIo/O3StRRg==

lightningcss-linux-arm-gnueabihf@1.33.0:
  version "1.33.0"
  resolved "https://registry.yarnpkg.com/lightningcss-linux-arm-gnueabihf/-/lightningcss-linux-arm-gnueabihf-1.33.0.tgz#6862e3176a331aedbdec1ed352b4d7d0dd0784de"
  integrity sha512-N7FVBe6iS24MlM6R/4RBTxGhQheZGs7tiQ9U32UtF75NzP5Q7xWPRqLBCKxlRQRk3rY1jCIPLzx7WzOhuUIRLQ==

lightningcss-linux-arm64-gnu@1.33.0:
  version "1.33.0"
  resolved "https://registry.yarnpkg.com/lightningcss-linux-arm64-gnu/-/lightningcss-linux-arm64-gnu-1.33.0.tgz#c6a3a2ed15141daf6bdc2628930f8e39bdf473aa"
  integrity sha512-j2v/itmy4HlNxlc6voKXYgBqNi0Ng2LShg4z7GufpEgs05P+2suBVyi9I6YHq5uoVFx9ETin3eCEhLVyXGQnKg==

lightningcss-linux-arm64-musl@1.33.0:
  version "1.33.0"
  resolved "https://registry.yarnpkg.com/lightningcss-linux-arm64-musl/-/lightningcss-linux-arm64-musl-1.33.0.tgz#7fa1334971fc82845f9827df6ef8a0b20914bac6"
  integrity sha512-yiO5ROMuYQgXbC60yjZU5CYSFZGKXL0HFATXt9mHJn1+zW55oCtMI9NfcVhYLMFDL7gV7oBPon/EmMMGg2OvtQ==

lightningcss-linux-x64-gnu@1.33.0:
  version "1.33.0"
  resolved "https://registry.yarnpkg.com/lightningcss-linux-x64-gnu/-/lightningcss-linux-x64-gnu-1.33.0.tgz#8b927862ea8c2bbc6831a46509244b50d9936e55"
  integrity sha512-ar+Ju7LmcN0Jo4FpL4hpFybwNG9/3A/Br5KW2n2jyODg3MEZXaDYADdemoNS+BDNfMgKvylJLj4S5tyRActuAg==

lightningcss-linux-x64-musl@1.33.0:
  version "1.33.0"
  resolved "https://registry.yarnpkg.com/lightningcss-linux-x64-musl/-/lightningcss-linux-x64-musl-1.33.0.tgz#0c525bb077dfd94404c059cfe42dad797e96aeaf"
  integrity sha512-RYiYbkokw0trfKqqzfF55lginwEPrD3OJDfTuJzFs1MK6iFnDenaz1fqLLtX4ITG3OktJQXOeTaw1awrBAlZPw==

lightningcss-win32-arm64-msvc@1.33.0:
  version "1.33.0"
  resolved "https://registry.yarnpkg.com/lightningcss-win32-arm64-msvc/-/lightningcss-win32-arm64-msvc-1.33.0.tgz#850ee1103dac989cfab50e3ac22d1a69e394e63d"
  integrity sha512-1K+MPfLSFVpphzpdbfkhlWk6wBrTObBzS2T6db10PNOZgR9GoVsAWzwNyuhUYYbTp23j+4RrncfujZ4uAzXvwA==

lightningcss-win32-x64-msvc@1.33.0:
  version "1.33.0"
  resolved "https://registry.yarnpkg.com/lightningcss-win32-x64-msvc/-/lightningcss-win32-x64-msvc-1.33.0.tgz#e343ae152eed3609dc6e11949d1a3bf39a1c946f"
  integrity sha512-OlEICDx/Xl0FqSp4bry8zFnCvGpig3Gl4gCquvYwHuqJKEC1+n9NgDniFvqHGmMv1ZkqDJrDqKKSykTDX+ehuA==

lightningcss@^1.33.0:
  version "1.33.0"
  resolved "https://registry.yarnpkg.com/lightningcss/-/lightningcss-1.33.0.tgz#c08867d71a79385c6e190214fd72fef3e5f95f0b"
  integrity sha512-WkUDrojuJs0xkgGf2udWxa3yGBRxPtxUkB79i6aCZLRgc7PM8fZe9TosfPDcvEpQZbuFASnHYmRLBLUbmLOIIA==
  dependencies:
    detect-libc "^2.0.3"
  optionalDependencies:
    lightningcss-android-arm64 "1.33.0"
    lightningcss-darwin-arm64 "1.33.0"
    lightningcss-darwin-x64 "1.33.0"
    lightningcss-freebsd-x64 "1.33.0"
    lightningcss-linux-arm-gnueabihf "1.33.0"
    lightningcss-linux-arm64-gnu "1.33.0"
    lightningcss-linux-arm64-musl "1.33.0"
    lightningcss-linux-x64-gnu "1.33.0"
    lightningcss-linux-x64-musl "1.33.0"
    lightningcss-win32-arm64-msvc "1.33.0"
    lightningcss-win32-x64-msvc "1.33.0"

micromatch@^4.0.8:
  version "4.0.8"
  resolved "https://registry.yarnpkg.com/micromatch/-/micromatch-4.0.8.tgz#d66fa18f3a47076789320b9b1af32bd86d9fa202"
  integrity sha512-PXwfBhYu0hBCPw8Dn0E+WDYb7af3dSLVWKi3HGv84IdF4TyFoC0ysxFd0Goxw7nSv4T/PzEJQxsYsEiFCKo2BA==
  dependencies:
    braces "^3.0.3"
    picomatch "^2.3.1"

modern-tar@^0.8.4:
  version "0.8.5"
  resolved "https://registry.yarnpkg.com/modern-tar/-/modern-tar-0.8.5.tgz#64f5eff1fafc1875f45bf0899452c09bf428cdb3"
  integrity sha512-snEhs+6G5Tjd4I7tLCDOaoln2RgE0bD19RzEKgvgK2hZ5VKy3MpLhLTZ2fWpXSTg4K2cyPwp+VHATFJhxfnOeA==

ms@^2.1.3:
  version "2.1.3"
  resolved "https://registry.yarnpkg.com/ms/-/ms-2.1.3.tgz#574c8138ce1d2b5861f0b44579dbadd60c6615b2"
  integrity sha512-6FlzubTLZG3J2a/NVCAleEhjzq5oxgHyaCU9yYXvcLsvoVaHJq/s5xXI6/XXP6tz7R9xAOtHnSO/tXtF3WRTlA==

nanoid@^3.3.18:
  version "3.3.19"
  resolved "https://registry.yarnpkg.com/nanoid/-/nanoid-3.3.19.tgz#336d4aa4bcd4fb24d2cddede7ffeae40bec03f0a"
  integrity sha512-Y2tUNy4ouw6tq5oDSKeQYGOyhkUBhNOcGV/02KC+6kd9eDGqdZd++mjMiIDilrBYvjEnCYvVtsuHCuP+okSfug==

path-key@^3.1.0:
  version "3.1.1"
  resolved "https://registry.yarnpkg.com/path-key/-/path-key-3.1.1.tgz#581f6ade658cbba65a0d3380de7753295054f375"
  integrity sha512-ojmeN0qd+y0jszEtoY48r0Peq5dwMEkIlCOu6Q5f41lfkswXuKtYrhgoTpLnyIcHm24Uhqx+5Tqm2InSwLhE6Q==

picocolors@^1.1.1:
  version "1.1.1"
  resolved "https://registry.yarnpkg.com/picocolors/-/picocolors-1.1.1.tgz#3d321af3eab939b083c8f929a1d12cda81c26b6b"
  integrity sha512-xceH2snhtb5M9liqDsmEw56le376mTZkEX/jEb/RxNFyegNul7eNslCXP9FDj/Lcu0X8KEyMceP2ntpaHrDEVA==

picomatch@^2.3.1:
  version "2.3.2"
  resolved "https://registry.yarnpkg.com/picomatch/-/picomatch-2.3.2.tgz#5a942915e26b372dc0f0e6753149a16e6b1c5601"
  integrity sha512-V7+vQEJ06Z+c5tSye8S+nHUfI51xoXIXjHQ99cQtKUkQqqO1kO/KCJUfZXuB47h/YBlDhah2H3hdUGXn8ie0oA==

picomatch@^4.0.4, picomatch@^4.0.7:
  version "4.0.7"
  resolved "https://registry.yarnpkg.com/picomatch/-/picomatch-4.0.7.tgz#6313360034ccb36b3dc61ecbdff78121f90fe21f"
  integrity sha512-qcJu88Q2IWqJsDD529JKMdwGm/dvInW4HvQnRwiH9JtihJvzGOscDtHE3x1pBKeUOTysQ8kVmLnJ2kJu7yhcGA==

pkce-challenge@^5.0.0:
  version "5.0.1"
  resolved "https://registry.yarnpkg.com/pkce-challenge/-/pkce-challenge-5.0.1.tgz#3b4446865b17b1745e9ace2016a31f48ddf6230d"
  integrity sha512-wQ0b/W4Fr01qtpHlqSqspcj3EhBvimsdh0KlHhH8HRZnMsEa0ea2fTULOXOS9ccQr3om+GcGRk4e+isrZWV8qQ==

postcss@^8.5.28:
  version "8.5.28"
  resolved "https://registry.yarnpkg.com/postcss/-/postcss-8.5.28.tgz#da4563a99a06e62d6c1cd1acae363224bcaed6e9"
  integrity sha512-RRuzqDtt5Y9h3quz5hWhK+TPnsmVs6WwSU6LkJMeY4HstUEDuYTG8UJSdawMRzmzAtV+KEoG8N3Qg2qLy5vM/A==
  dependencies:
    nanoid "^3.3.18"
    picocolors "^1.1.1"
    source-map-js "^1.2.1"

react-dom@^19.3.0:
  version "19.3.0"
  resolved "https://registry.yarnpkg.com/react-dom/-/react-dom-19.3.0.tgz#a0ff19161d7f4e9be5469a07278b0c06e00f9001"
  integrity sha512-JDk8dgif51OjFoDE70+OT9ICyYr+69HlmihNwp1+Nsfbna3t5sIiCa9ZJktDmQ4/1b/rn26hIAR2uYXDMr5r0Q==
  dependencies:
    scheduler "^0.28.0"

react@^19.3.0:
  version "19.3.0"
  resolved "https://registry.yarnpkg.com/react/-/react-19.3.0.tgz#e20aa3a14687075ce863351b5878b0608c3fbfb2"
  integrity sha512-E8LUcbtBWt20bbl2YoHfx4ZDBdxVTfOKtCZn9cDSJ4l6/nuoApcpIBcj47t2wZoVX8g2ZHuMHbiShgCR1T5Sog==

rolldown@~1.2.9:
  version "1.2.12"
  resolved "https://registry.yarnpkg.com/rolldown/-/rolldown-1.2.12.tgz#75215a6b55a2a9e8f577ac937a4fe42d9682ae0c"
  integrity sha512-8wafseiaG80xmXSfqidUNqZcylTlhmPZZt+za2m+js2sFZ8dTNlhIOV2WcbIPx2hgwPBJpEUGFAMZ9bgBBLTSQ==
  dependencies:
    "@oxc-project/types" "=0.152.0"
    "@rolldown/pluginutils" "^1.0.0"
  optionalDependencies:
    "@rolldown/binding-android-arm-eabi" "1.2.12"
    "@rolldown/binding-android-arm64" "1.2.12"
    "@rolldown/binding-darwin-arm64" "1.2.12"
    "@rolldown/binding-darwin-x64" "1.2.12"
    "@rolldown/binding-freebsd-x64" "1.2.12"
    "@rolldown/binding-linux-arm-gnueabihf" "1.2.12"
    "@rolldown/binding-linux-arm64-gnu" "1.2.12"
    "@rolldown/binding-linux-arm64-musl" "1.2.12"
    "@rolldown/binding-linux-ppc64-gnu" "1.2.12"
    "@rolldown/binding-linux-s390x-gnu" "1.2.12"
    "@rolldown/binding-linux-x64-gnu" "1.2.12"
    "@rolldown/binding-linux-x64-musl" "1.2.12"
    "@rolldown/binding-openharmony-arm64" "1.2.12"
    "@rolldown/binding-win32-arm64-msvc" "1.2.12"
    "@rolldown/binding-win32-x64-msvc" "1.2.12"

scheduler@^0.28.0:
  version "0.28.0"
  resolved "https://registry.yarnpkg.com/scheduler/-/scheduler-0.28.0.tgz#03d3ca348aeaf8b7502f64468f217b27523f9695"
  integrity sha512-juorfCmIkIw8tT+p5BXSm6PJjQF/ycEYmKyzURCIt/RaZIhL+PulbQ9Yu2z1HdOJDdqDTlxA1+xKBmHXJsczAw==

shebang-command@^2.0.0:
  version "2.0.0"
  resolved "https://registry.yarnpkg.com/shebang-command/-/shebang-command-2.0.0.tgz#ccd0af4f8835fbdc265b82461aaf0c36663f34ea"
  integrity sha512-kHxr2zZpYtdmrN1qDjrrX/Z1rR1kG8Dx+gkpK1G4eXmvXswmcE1hTWBWYUzlraYw1/yZp6YuDY77YtvbN0dmDA==
  dependencies:
    shebang-regex "^3.0.0"

shebang-regex@^3.0.0:
  version "3.0.0"
  resolved "https://registry.yarnpkg.com/shebang-regex/-/shebang-regex-3.0.0.tgz#ae16f1644d873ecad843b0307b143362d4c42172"
  integrity sha512-7++dFhtcx3353uBaq8DDR4NuxBetBzC7ZQOhmTQInHEd6bSrXdiEyzCvG07Z44UYdLShWUyXt5M/yhz8ekcb1A==

socket.io-client@^4.8.3:
  version "4.8.4"
  resolved "https://registry.yarnpkg.com/socket.io-client/-/socket.io-client-4.8.4.tgz#98865b4b55abe0658f4bff5ca3ed583fbd0fc945"
  integrity sha512-7wjKAvVXYOJsbmUgkWbnhPD4bFpkqrUR0++XOjpGFmqDqsqV1CI93VTraeExLxpjxEqrWgFoSRZu1ihjLWfkAA==
  dependencies:
    "@socket.io/component-emitter" "~3.1.0"
    debug "~4.4.1"
    engine.io-client "~6.6.1"
    socket.io-parser "~4.2.4"

socket.io-parser@~4.2.4:
  version "4.2.7"
  resolved "https://registry.yarnpkg.com/socket.io-parser/-/socket.io-parser-4.2.7.tgz#679e51fe24d1c81df90fc5f7efe4a5f432fe99c0"
  integrity sha512-IH/iSeO9T6gz1KkFleGDWkG9N3dl4jXVYUtMhIqH10Md0ttMer8nUNWiP1DKuNrybD2xBrixLJdCC9J6ECoYkg==
  dependencies:
    "@socket.io/component-emitter" "~3.1.0"
    debug "~4.4.1"

source-map-js@^1.2.1:
  version "1.2.2"
  resolved "https://registry.yarnpkg.com/source-map-js/-/source-map-js-1.2.2.tgz#79fb88d97535a21cb27162cb05d211b67acea4ab"
  integrity sha512-KGj/8Y43x35aZVDtt+J4mK1hoLGHULMYfSkODJNQjNDC3oW1PqPoxMwo0pLUsWM/UEGzON/NxeHywEfNXNP3Vw==

syncod@^0.0.1:
  version "0.0.1"
  resolved "https://registry.yarnpkg.com/syncod/-/syncod-0.0.1.tgz#a796f13f489f4b1f93bca13b443619b48c12014d"
  integrity sha512-KHDsGQ4UcP+wSMaqH7wjH4DHxeHKRlmEO5jlSVCS+0x9xA4ZhdKYg/ameGF7RXaFDUcsti6Zj5s5W1Z4/YsbHA==

tinyglobby@^0.2.17:
  version "0.2.17"
  resolved "https://registry.yarnpkg.com/tinyglobby/-/tinyglobby-0.2.17.tgz#562a9a6c9eb2b3b123d39719f9af5bb44fcd7631"
  integrity sha512-wXR/dYpcqKmfWpEdZjiKJOwCNFndD0DMnrW/cYjVGttEkBfVgcLFHoNrlj47mjOVic9yyNu65alsgF4NQyTa2g==
  dependencies:
    fdir "^6.5.0"
    picomatch "^4.0.4"

to-regex-range@^5.0.1:
  version "5.0.1"
  resolved "https://registry.yarnpkg.com/to-regex-range/-/to-regex-range-5.0.1.tgz#1648c44aae7c8d988a326018ed72f5b4dd0392e4"
  integrity sha512-65P7iz6X5yEr1cwcgvQxbbIw7Uk3gOy5dIdtZ4rDveLqhrdJP+Li/Hx6tyK0NEb+2GCyneCMJiGqrADCSNk8sQ==
  dependencies:
    is-number "^7.0.0"

tslib@2.3.0:
  version "2.3.0"
  resolved "https://registry.yarnpkg.com/tslib/-/tslib-2.3.0.tgz#803b8cdab3e12ba581a4ca41c8839bbb0dacb09e"
  integrity sha512-N82ooyxVNm6h1riLCoyS9e3fuJ3AMG2zIZs2Gd1ATcSFjSA23Q0fzjjZeh0jbJvWVDZ0cJT8yaNNaaXHzueNjg==

tsx@^4.23.15:
  version "4.23.15"
  resolved "https://registry.yarnpkg.com/tsx/-/tsx-4.23.15.tgz#f53901695685ad567fed0f08532f7782e631c251"
  integrity sha512-Yiex1Ovn8z2xPpOWckIiysV1SSyRMY9BkLF++q0yKiDxCqRhosKfMg3janKkiLBwZ5c/YryloKwGZcrEmtwxKw==
  dependencies:
    esbuild "~0.28.0"
  optionalDependencies:
    fsevents "~2.3.3"

typescript@^7.0.2:
  version "7.0.2"
  resolved "https://registry.yarnpkg.com/typescript/-/typescript-7.0.2.tgz#9ec773d7954a8c182c17cc5bbd575aa28bc51582"
  integrity sha512-8FYau96o3NKOhbjKi/qNvG/W5jhzxkbdm5sj9AbZ/5T5sWqn3hJgLfGx27sRKZWTvyzCP8dLRBTf5tBTSRVUNA==
  optionalDependencies:
    "@typescript/typescript-aix-ppc64" "7.0.2"
    "@typescript/typescript-darwin-arm64" "7.0.2"
    "@typescript/typescript-darwin-x64" "7.0.2"
    "@typescript/typescript-freebsd-arm64" "7.0.2"
    "@typescript/typescript-freebsd-x64" "7.0.2"
    "@typescript/typescript-linux-arm" "7.0.2"
    "@typescript/typescript-linux-arm64" "7.0.2"
    "@typescript/typescript-linux-loong64" "7.0.2"
    "@typescript/typescript-linux-mips64el" "7.0.2"
    "@typescript/typescript-linux-ppc64" "7.0.2"
    "@typescript/typescript-linux-riscv64" "7.0.2"
    "@typescript/typescript-linux-s390x" "7.0.2"
    "@typescript/typescript-linux-x64" "7.0.2"
    "@typescript/typescript-netbsd-arm64" "7.0.2"
    "@typescript/typescript-netbsd-x64" "7.0.2"
    "@typescript/typescript-openbsd-arm64" "7.0.2"
    "@typescript/typescript-openbsd-x64" "7.0.2"
    "@typescript/typescript-sunos-x64" "7.0.2"
    "@typescript/typescript-win32-arm64" "7.0.2"
    "@typescript/typescript-win32-x64" "7.0.2"

undici-types@~8.9.0:
  version "8.9.0"
  resolved "https://registry.yarnpkg.com/undici-types/-/undici-types-8.9.0.tgz#e240d97c8b5d85e5347ce73d25865c7906c1ec9f"
  integrity sha512-KTDyRTYX8sWmKXAikPHHSyc63CRPETMctyjKFupcC6OBLXT3xsN0e9aF7m+mIXutFWpUXuedtowG7iLOzp0kQg==

vite-plugin-singlefile@^2.3.3:
  version "2.3.3"
  resolved "https://registry.yarnpkg.com/vite-plugin-singlefile/-/vite-plugin-singlefile-2.3.3.tgz#e859aea4c0c4b74fcbba6baf527e88f2ad09de69"
  integrity sha512-XVnGH0QzbOa8fxRSsHdCarVN1BSBXNi7uLMQYlrGRN5apdHkk62XQWRJhVever0lnfuyBkwn+kvVChdm/OoOUg==
  dependencies:
    micromatch "^4.0.8"

vite@^8.3.1:
  version "8.3.1"
  resolved "https://registry.yarnpkg.com/vite/-/vite-8.3.1.tgz#aa1099a4ccaf104a8c32492951497fa1781d9fce"
  integrity sha512-/bvH9E9tmCXRGp2uXY3WbOldqpTwFkbha/8ANaEQ6VkxhH60KyqLwgZq6lG2y+4uT55x9+9eUHMpQ7uGnOCKjA==
  dependencies:
    lightningcss "^1.33.0"
    picomatch "^4.0.7"
    postcss "^8.5.28"
    rolldown "~1.2.9"
    tinyglobby "^0.2.17"
  optionalDependencies:
    fsevents "~2.3.3"

which@^2.0.1:
  version "2.0.2"
  resolved "https://registry.yarnpkg.com/which/-/which-2.0.2.tgz#7c6a8dd0a636a0327e10b59c9286eee93f3f51b1"
  integrity sha512-BLI3Tl1TW3Pvl70l3yq3Y64i+awpwXqsGBYWkkqMtnbXgrMD+yj7rhW0kuEDxzJaYXGjEW5ogapKNMEKNMjibA==
  dependencies:
    isexe "^2.0.0"

ws@~8.21.0:
  version "8.21.3"
  resolved "https://registry.yarnpkg.com/ws/-/ws-8.21.3.tgz#660b4faddb6a3e575c86e078126919961f4de4fc"
  integrity sha512-201TZ/kPWxoPr/OKWjquZR1SWKXcvxdH+e1xrx89b3YbmzLMFCLfnaG1HFIgWzJOEWZ7MvpK++odZufgYR50Rw==

xmlhttprequest-ssl@~2.1.1:
  version "2.1.2"
  resolved "https://registry.yarnpkg.com/xmlhttprequest-ssl/-/xmlhttprequest-ssl-2.1.2.tgz#e9e8023b3f29ef34b97a859f584c5e6c61418e23"
  integrity sha512-TEU+nJVUUnA4CYJFLvK5X9AOeH4KvDvhIfm0vV1GaQRtchnG0hgK5p8hw/xjv8cunWYCsiPCSDzObPyhEwq3KQ==

zod@^4.2.0, zod@^4.6.5:
  version "4.6.5"
  resolved "https://registry.yarnpkg.com/zod/-/zod-4.6.5.tgz#e3af3edbdc260239c52f73caad05dbbffe6e82cd"
  integrity sha512-v5l/aFXZQeai4awLbOpSoHecE9UiMrnfx75tEXLjNonXVARxQ5mOeipTjROUchszUNCqnE+hqAMujRsRHsut2Q==

zrender@6.1.0:
  version "6.1.0"
  resolved "https://registry.yarnpkg.com/zrender/-/zrender-6.1.0.tgz#c3ef06e6426d5c28865b7183035680d685e00136"
  integrity sha512-oEGMDB6pOP2S6OwRR4PdVv610zrjnA3Bh+JnSG12fYJlBKjtNAoEb5fSUoCOOINlH96I2fU38/A2UpRKs67xYQ==
  dependencies:
    tslib "2.3.0"
