dependencies:
- name: kube-state-metrics
  repository: https://charts.helm.sh/stable
  version: 2.9.4
- name: prometheus-node-exporter
  repository: https://prometheus-community.github.io/helm-charts
  version: 1.12.0
- name: grafana
  repository: https://grafana.github.io/helm-charts
  version: 5.8.16
digest: sha256:75b1d23f315cc1b1d9b1f1d5e139559d680297c731b59641d72c5c38ac4a3a88
generated: "2021-01-01T06:51:19.99073726Z"
