dependencies:
- name: ingress-nginx
  repository: file://charts/ingress-nginx
  version: 2.3.1
- name: connector
  repository: file://charts/connector
  version: 0.1.1
- name: assist-api
  repository: file://charts/assist-api
  version: 0.1.1
digest: sha256:6f82c3b3d5ecb487b0116631da2c1c346ba43e22193d7a792c0b4207fab165ab
generated: "2025-11-19T17:53:31.559333952+01:00"
