dependencies:
- name: ingress-nginx
  repository: file://charts/ingress-nginx
  version: 2.4.1
- name: connector
  repository: file://charts/connector
  version: 0.1.1
- name: assist-api
  repository: file://charts/assist-api
  version: 0.1.1
digest: sha256:a9289137f14b753c8dd65fef3d0a10151822a115c79003a58117c0888a6c434c
generated: "2026-01-21T14:00:19.563781693+01:00"
